
Microsoft Visual Studio Solution File, Format Version 12.00
# Visual Studio Version 17
VisualStudioVersion = 17.13.35818.85 d17.13
MinimumVisualStudioVersion = 10.0.40219.1
Project("{FAE04EC0-301F-11D3-BF4B-00C04F79EFBC}") = "02.21 TodayTask1", "02.21 TodayTask1\02.21 TodayTask1.csproj", "{49761E63-C371-4352-B26C-4369075FDDBC}"
EndProject
Global
	GlobalSection(SolutionConfigurationPlatforms) = preSolution
		Debug|Any CPU = Debug|Any CPU
		Release|Any CPU = Release|Any CPU
	EndGlobalSection
	GlobalSection(ProjectConfigurationPlatforms) = postSolution
		{49761E63-C371-4352-B26C-4369075FDDBC}.Debug|Any CPU.ActiveCfg = Debug|Any CPU
		{49761E63-C371-4352-B26C-4369075FDDBC}.Debug|Any CPU.Build.0 = Debug|Any CPU
		{49761E63-C371-4352-B26C-4369075FDDBC}.Release|Any CPU.ActiveCfg = Release|Any CPU
		{49761E63-C371-4352-B26C-4369075FDDBC}.Release|Any CPU.Build.0 = Release|Any CPU
	EndGlobalSection
	GlobalSection(SolutionProperties) = preSolution
		HideSolutionNode = FALSE
	EndGlobalSection
	GlobalSection(ExtensibilityGlobals) = postSolution
		SolutionGuid = {A603F9E5-3D70-4C4B-98E1-02504F88CC3A}
	EndGlobalSection
EndGlobal
