
Microsoft Visual Studio Solution File, Format Version 12.00
# Visual Studio Version 17
VisualStudioVersion = 17.13.35818.85 d17.13
MinimumVisualStudioVersion = 10.0.40219.1
Project("{FAE04EC0-301F-11D3-BF4B-00C04F79EFBC}") = "Inventory", "Inventory\Inventory.csproj", "{42585388-DAC1-4457-935C-91F72B364860}"
EndProject
Global
	GlobalSection(SolutionConfigurationPlatforms) = preSolution
		Debug|Any CPU = Debug|Any CPU
		Release|Any CPU = Release|Any CPU
	EndGlobalSection
	GlobalSection(ProjectConfigurationPlatforms) = postSolution
		{42585388-DAC1-4457-935C-91F72B364860}.Debug|Any CPU.ActiveCfg = Debug|Any CPU
		{42585388-DAC1-4457-935C-91F72B364860}.Debug|Any CPU.Build.0 = Debug|Any CPU
		{42585388-DAC1-4457-935C-91F72B364860}.Release|Any CPU.ActiveCfg = Release|Any CPU
		{42585388-DAC1-4457-935C-91F72B364860}.Release|Any CPU.Build.0 = Release|Any CPU
	EndGlobalSection
	GlobalSection(SolutionProperties) = preSolution
		HideSolutionNode = FALSE
	EndGlobalSection
	GlobalSection(ExtensibilityGlobals) = postSolution
		SolutionGuid = {7D36BC9B-7F40-4101-ADDC-2196B57BA44C}
	EndGlobalSection
EndGlobal
