
Microsoft Visual Studio Solution File, Format Version 12.00
# Visual Studio Version 17
VisualStudioVersion = 17.13.35818.85 d17.13
MinimumVisualStudioVersion = 10.0.40219.1
Project("{FAE04EC0-301F-11D3-BF4B-00C04F79EFBC}") = "TextRPGTest", "TextRPGTest\TextRPGTest.csproj", "{27906621-6EEA-4F95-91D8-F9CB21398C1D}"
EndProject
Global
	GlobalSection(SolutionConfigurationPlatforms) = preSolution
		Debug|Any CPU = Debug|Any CPU
		Release|Any CPU = Release|Any CPU
	EndGlobalSection
	GlobalSection(ProjectConfigurationPlatforms) = postSolution
		{27906621-6EEA-4F95-91D8-F9CB21398C1D}.Debug|Any CPU.ActiveCfg = Debug|Any CPU
		{27906621-6EEA-4F95-91D8-F9CB21398C1D}.Debug|Any CPU.Build.0 = Debug|Any CPU
		{27906621-6EEA-4F95-91D8-F9CB21398C1D}.Release|Any CPU.ActiveCfg = Release|Any CPU
		{27906621-6EEA-4F95-91D8-F9CB21398C1D}.Release|Any CPU.Build.0 = Release|Any CPU
	EndGlobalSection
	GlobalSection(SolutionProperties) = preSolution
		HideSolutionNode = FALSE
	EndGlobalSection
	GlobalSection(ExtensibilityGlobals) = postSolution
		SolutionGuid = {BFE36453-7D4A-4F49-AC0C-E5D1461CC2F4}
	EndGlobalSection
EndGlobal
