
Microsoft Visual Studio Solution File, Format Version 12.00
# Visual Studio Version 17
VisualStudioVersion = 17.13.35818.85 d17.13
MinimumVisualStudioVersion = 10.0.40219.1
Project("{FAE04EC0-301F-11D3-BF4B-00C04F79EFBC}") = "ShootingGame2", "ShootingGame2\ShootingGame2.csproj", "{F051D6B8-B8D8-43E2-A0B4-18DD9BE87CBF}"
EndProject
Global
	GlobalSection(SolutionConfigurationPlatforms) = preSolution
		Debug|Any CPU = Debug|Any CPU
		Release|Any CPU = Release|Any CPU
	EndGlobalSection
	GlobalSection(ProjectConfigurationPlatforms) = postSolution
		{F051D6B8-B8D8-43E2-A0B4-18DD9BE87CBF}.Debug|Any CPU.ActiveCfg = Debug|Any CPU
		{F051D6B8-B8D8-43E2-A0B4-18DD9BE87CBF}.Debug|Any CPU.Build.0 = Debug|Any CPU
		{F051D6B8-B8D8-43E2-A0B4-18DD9BE87CBF}.Release|Any CPU.ActiveCfg = Release|Any CPU
		{F051D6B8-B8D8-43E2-A0B4-18DD9BE87CBF}.Release|Any CPU.Build.0 = Release|Any CPU
	EndGlobalSection
	GlobalSection(SolutionProperties) = preSolution
		HideSolutionNode = FALSE
	EndGlobalSection
	GlobalSection(ExtensibilityGlobals) = postSolution
		SolutionGuid = {258F67A5-163E-41DB-A374-D4D53425D96A}
	EndGlobalSection
EndGlobal
