
Microsoft Visual Studio Solution File, Format Version 12.00
# Visual Studio Version 17
VisualStudioVersion = 17.13.35818.85 d17.13
MinimumVisualStudioVersion = 10.0.40219.1
Project("{FAE04EC0-301F-11D3-BF4B-00C04F79EFBC}") = "0224Test2", "0224Test2\0224Test2.csproj", "{1B0548A7-B339-4330-A103-FA935C7DF38B}"
EndProject
Global
	GlobalSection(SolutionConfigurationPlatforms) = preSolution
		Debug|Any CPU = Debug|Any CPU
		Release|Any CPU = Release|Any CPU
	EndGlobalSection
	GlobalSection(ProjectConfigurationPlatforms) = postSolution
		{1B0548A7-B339-4330-A103-FA935C7DF38B}.Debug|Any CPU.ActiveCfg = Debug|Any CPU
		{1B0548A7-B339-4330-A103-FA935C7DF38B}.Debug|Any CPU.Build.0 = Debug|Any CPU
		{1B0548A7-B339-4330-A103-FA935C7DF38B}.Release|Any CPU.ActiveCfg = Release|Any CPU
		{1B0548A7-B339-4330-A103-FA935C7DF38B}.Release|Any CPU.Build.0 = Release|Any CPU
	EndGlobalSection
	GlobalSection(SolutionProperties) = preSolution
		HideSolutionNode = FALSE
	EndGlobalSection
	GlobalSection(ExtensibilityGlobals) = postSolution
		SolutionGuid = {FBF4A54A-1EB0-41E4-B88D-8E7EAC5BD16B}
	EndGlobalSection
EndGlobal
