
Microsoft Visual Studio Solution File, Format Version 12.00
# Visual Studio Version 17
VisualStudioVersion = 17.13.35818.85 d17.13
MinimumVisualStudioVersion = 10.0.40219.1
Project("{FAE04EC0-301F-11D3-BF4B-00C04F79EFBC}") = "Study9", "Study9\Study9.csproj", "{011FE724-0639-4FB8-87F9-108D5B8BA163}"
EndProject
Global
	GlobalSection(SolutionConfigurationPlatforms) = preSolution
		Debug|Any CPU = Debug|Any CPU
		Release|Any CPU = Release|Any CPU
	EndGlobalSection
	GlobalSection(ProjectConfigurationPlatforms) = postSolution
		{011FE724-0639-4FB8-87F9-108D5B8BA163}.Debug|Any CPU.ActiveCfg = Debug|Any CPU
		{011FE724-0639-4FB8-87F9-108D5B8BA163}.Debug|Any CPU.Build.0 = Debug|Any CPU
		{011FE724-0639-4FB8-87F9-108D5B8BA163}.Release|Any CPU.ActiveCfg = Release|Any CPU
		{011FE724-0639-4FB8-87F9-108D5B8BA163}.Release|Any CPU.Build.0 = Release|Any CPU
	EndGlobalSection
	GlobalSection(SolutionProperties) = preSolution
		HideSolutionNode = FALSE
	EndGlobalSection
	GlobalSection(ExtensibilityGlobals) = postSolution
		SolutionGuid = {7AA7D56A-DA4A-4FFA-BA0A-60E8282041EE}
	EndGlobalSection
EndGlobal
